
Microsoft Visual Studio Solution File, Format Version 12.00
# Visual Studio Version 16
VisualStudioVersion = 16.0.31205.134
MinimumVisualStudioVersion = 10.0.40219.1
Project("{FAE04EC0-301F-11D3-BF4B-00C04F79EFBC}") = "VideoTranslator.Android", "VideoTranslator\VideoTranslator.Android\VideoTranslator.Android.csproj", "{9392BE10-FC63-444D-A999-27C1E0342D86}"
EndProject
Project("{FAE04EC0-301F-11D3-BF4B-00C04F79EFBC}") = "VideoTranslator.iOS", "VideoTranslator\VideoTranslator.iOS\VideoTranslator.iOS.csproj", "{35E41E7C-14B9-4563-892F-DFA067B1E10C}"
EndProject
Project("{FAE04EC0-301F-11D3-BF4B-00C04F79EFBC}") = "VideoTranslator", "VideoTranslator\VideoTranslator\VideoTranslator.csproj", "{82E9E2ED-B68F-46B3-A0FF-B9DD80E84E16}"
EndProject
Global
	GlobalSection(SolutionConfigurationPlatforms) = preSolution
		Debug|Any CPU = Debug|Any CPU
		Debug|iPhone = Debug|iPhone
		Debug|iPhoneSimulator = Debug|iPhoneSimulator
		Release|Any CPU = Release|Any CPU
		Release|iPhone = Release|iPhone
		Release|iPhoneSimulator = Release|iPhoneSimulator
	EndGlobalSection
	GlobalSection(ProjectConfigurationPlatforms) = postSolution
		{9392BE10-FC63-444D-A999-27C1E0342D86}.Debug|Any CPU.ActiveCfg = Debug|Any CPU
		{9392BE10-FC63-444D-A999-27C1E0342D86}.Debug|Any CPU.Build.0 = Debug|Any CPU
		{9392BE10-FC63-444D-A999-27C1E0342D86}.Debug|Any CPU.Deploy.0 = Debug|Any CPU
		{9392BE10-FC63-444D-A999-27C1E0342D86}.Debug|iPhone.ActiveCfg = Debug|Any CPU
		{9392BE10-FC63-444D-A999-27C1E0342D86}.Debug|iPhone.Build.0 = Debug|Any CPU
		{9392BE10-FC63-444D-A999-27C1E0342D86}.Debug|iPhone.Deploy.0 = Debug|Any CPU
		{9392BE10-FC63-444D-A999-27C1E0342D86}.Debug|iPhoneSimulator.ActiveCfg = Debug|Any CPU
		{9392BE10-FC63-444D-A999-27C1E0342D86}.Debug|iPhoneSimulator.Build.0 = Debug|Any CPU
		{9392BE10-FC63-444D-A999-27C1E0342D86}.Debug|iPhoneSimulator.Deploy.0 = Debug|Any CPU
		{9392BE10-FC63-444D-A999-27C1E0342D86}.Release|Any CPU.ActiveCfg = Release|Any CPU
		{9392BE10-FC63-444D-A999-27C1E0342D86}.Release|Any CPU.Build.0 = Release|Any CPU
		{9392BE10-FC63-444D-A999-27C1E0342D86}.Release|Any CPU.Deploy.0 = Release|Any CPU
		{9392BE10-FC63-444D-A999-27C1E0342D86}.Release|iPhone.ActiveCfg = Release|Any CPU
		{9392BE10-FC63-444D-A999-27C1E0342D86}.Release|iPhone.Build.0 = Release|Any CPU
		{9392BE10-FC63-444D-A999-27C1E0342D86}.Release|iPhone.Deploy.0 = Release|Any CPU
		{9392BE10-FC63-444D-A999-27C1E0342D86}.Release|iPhoneSimulator.ActiveCfg = Release|Any CPU
		{9392BE10-FC63-444D-A999-27C1E0342D86}.Release|iPhoneSimulator.Build.0 = Release|Any CPU
		{9392BE10-FC63-444D-A999-27C1E0342D86}.Release|iPhoneSimulator.Deploy.0 = Release|Any CPU
		{35E41E7C-14B9-4563-892F-DFA067B1E10C}.Debug|Any CPU.ActiveCfg = Debug|iPhone
		{35E41E7C-14B9-4563-892F-DFA067B1E10C}.Debug|Any CPU.Build.0 = Debug|iPhone
		{35E41E7C-14B9-4563-892F-DFA067B1E10C}.Debug|Any CPU.Deploy.0 = Debug|iPhone
		{35E41E7C-14B9-4563-892F-DFA067B1E10C}.Debug|iPhone.ActiveCfg = Debug|iPhone
		{35E41E7C-14B9-4563-892F-DFA067B1E10C}.Debug|iPhone.Build.0 = Debug|iPhone
		{35E41E7C-14B9-4563-892F-DFA067B1E10C}.Debug|iPhone.Deploy.0 = Debug|iPhone
		{35E41E7C-14B9-4563-892F-DFA067B1E10C}.Debug|iPhoneSimulator.ActiveCfg = Debug|iPhoneSimulator
		{35E41E7C-14B9-4563-892F-DFA067B1E10C}.Debug|iPhoneSimulator.Build.0 = Debug|iPhoneSimulator
		{35E41E7C-14B9-4563-892F-DFA067B1E10C}.Debug|iPhoneSimulator.Deploy.0 = Debug|iPhoneSimulator
		{35E41E7C-14B9-4563-892F-DFA067B1E10C}.Release|Any CPU.ActiveCfg = Release|iPhoneSimulator
		{35E41E7C-14B9-4563-892F-DFA067B1E10C}.Release|Any CPU.Build.0 = Release|iPhoneSimulator
		{35E41E7C-14B9-4563-892F-DFA067B1E10C}.Release|Any CPU.Deploy.0 = Release|iPhoneSimulator
		{35E41E7C-14B9-4563-892F-DFA067B1E10C}.Release|iPhone.ActiveCfg = Release|iPhone
		{35E41E7C-14B9-4563-892F-DFA067B1E10C}.Release|iPhone.Build.0 = Release|iPhone
		{35E41E7C-14B9-4563-892F-DFA067B1E10C}.Release|iPhone.Deploy.0 = Release|iPhone
		{35E41E7C-14B9-4563-892F-DFA067B1E10C}.Release|iPhoneSimulator.ActiveCfg = Release|iPhoneSimulator
		{35E41E7C-14B9-4563-892F-DFA067B1E10C}.Release|iPhoneSimulator.Build.0 = Release|iPhoneSimulator
		{35E41E7C-14B9-4563-892F-DFA067B1E10C}.Release|iPhoneSimulator.Deploy.0 = Release|iPhoneSimulator
		{82E9E2ED-B68F-46B3-A0FF-B9DD80E84E16}.Debug|Any CPU.ActiveCfg = Debug|Any CPU
		{82E9E2ED-B68F-46B3-A0FF-B9DD80E84E16}.Debug|Any CPU.Build.0 = Debug|Any CPU
		{82E9E2ED-B68F-46B3-A0FF-B9DD80E84E16}.Debug|Any CPU.Deploy.0 = Debug|Any CPU
		{82E9E2ED-B68F-46B3-A0FF-B9DD80E84E16}.Debug|iPhone.ActiveCfg = Debug|Any CPU
		{82E9E2ED-B68F-46B3-A0FF-B9DD80E84E16}.Debug|iPhone.Build.0 = Debug|Any CPU
		{82E9E2ED-B68F-46B3-A0FF-B9DD80E84E16}.Debug|iPhone.Deploy.0 = Debug|Any CPU
		{82E9E2ED-B68F-46B3-A0FF-B9DD80E84E16}.Debug|iPhoneSimulator.ActiveCfg = Debug|Any CPU
		{82E9E2ED-B68F-46B3-A0FF-B9DD80E84E16}.Debug|iPhoneSimulator.Build.0 = Debug|Any CPU
		{82E9E2ED-B68F-46B3-A0FF-B9DD80E84E16}.Debug|iPhoneSimulator.Deploy.0 = Debug|Any CPU
		{82E9E2ED-B68F-46B3-A0FF-B9DD80E84E16}.Release|Any CPU.ActiveCfg = Release|Any CPU
		{82E9E2ED-B68F-46B3-A0FF-B9DD80E84E16}.Release|Any CPU.Build.0 = Release|Any CPU
		{82E9E2ED-B68F-46B3-A0FF-B9DD80E84E16}.Release|Any CPU.Deploy.0 = Release|Any CPU
		{82E9E2ED-B68F-46B3-A0FF-B9DD80E84E16}.Release|iPhone.ActiveCfg = Release|Any CPU
		{82E9E2ED-B68F-46B3-A0FF-B9DD80E84E16}.Release|iPhone.Build.0 = Release|Any CPU
		{82E9E2ED-B68F-46B3-A0FF-B9DD80E84E16}.Release|iPhone.Deploy.0 = Release|Any CPU
		{82E9E2ED-B68F-46B3-A0FF-B9DD80E84E16}.Release|iPhoneSimulator.ActiveCfg = Release|Any CPU
		{82E9E2ED-B68F-46B3-A0FF-B9DD80E84E16}.Release|iPhoneSimulator.Build.0 = Release|Any CPU
		{82E9E2ED-B68F-46B3-A0FF-B9DD80E84E16}.Release|iPhoneSimulator.Deploy.0 = Release|Any CPU
	EndGlobalSection
	GlobalSection(SolutionProperties) = preSolution
		HideSolutionNode = FALSE
	EndGlobalSection
	GlobalSection(ExtensibilityGlobals) = postSolution
		SolutionGuid = {14E154DE-01F7-487C-998A-ECFC787D9E00}
	EndGlobalSection
EndGlobal
